
Microsoft Visual Studio Solution File, Format Version 12.00
# Visual Studio Version 17
VisualStudioVersion = 17.4.33205.214
MinimumVisualStudioVersion = 10.0.40219.1
Project("{F2A71F9B-5D33-465A-A702-920D77279786}") = "markAnalysis", "markAnalysis.fsproj", "{015B5A7B-A0C8-4BC7-9740-4B1351363B9C}"
EndProject
Global
	GlobalSection(SolutionConfigurationPlatforms) = preSolution
		Debug|Any CPU = Debug|Any CPU
		Release|Any CPU = Release|Any CPU
	EndGlobalSection
	GlobalSection(ProjectConfigurationPlatforms) = postSolution
		{015B5A7B-A0C8-4BC7-9740-4B1351363B9C}.Debug|Any CPU.ActiveCfg = Debug|Any CPU
		{015B5A7B-A0C8-4BC7-9740-4B1351363B9C}.Debug|Any CPU.Build.0 = Debug|Any CPU
		{015B5A7B-A0C8-4BC7-9740-4B1351363B9C}.Release|Any CPU.ActiveCfg = Release|Any CPU
		{015B5A7B-A0C8-4BC7-9740-4B1351363B9C}.Release|Any CPU.Build.0 = Release|Any CPU
	EndGlobalSection
	GlobalSection(SolutionProperties) = preSolution
		HideSolutionNode = FALSE
	EndGlobalSection
	GlobalSection(ExtensibilityGlobals) = postSolution
		SolutionGuid = {BEC8C537-38F5-4956-A7EA-56C964B5ED5B}
	EndGlobalSection
EndGlobal
